
Microsoft Visual Studio Solution File, Format Version 12.00
# Visual Studio Version 17
VisualStudioVersion = 17.13.35825.156 d17.13
MinimumVisualStudioVersion = 10.0.40219.1
Project("{FAE04EC0-301F-11D3-BF4B-00C04F79EFBC}") = "ProyectoTBD", "ProyectoTBD\ProyectoTBD.csproj", "{905A58B4-76FC-44B3-BD88-C6E56662C156}"
EndProject
Global
	GlobalSection(SolutionConfigurationPlatforms) = preSolution
		Debug|Any CPU = Debug|Any CPU
		Release|Any CPU = Release|Any CPU
	EndGlobalSection
	GlobalSection(ProjectConfigurationPlatforms) = postSolution
		{905A58B4-76FC-44B3-BD88-C6E56662C156}.Debug|Any CPU.ActiveCfg = Debug|Any CPU
		{905A58B4-76FC-44B3-BD88-C6E56662C156}.Debug|Any CPU.Build.0 = Debug|Any CPU
		{905A58B4-76FC-44B3-BD88-C6E56662C156}.Release|Any CPU.ActiveCfg = Release|Any CPU
		{905A58B4-76FC-44B3-BD88-C6E56662C156}.Release|Any CPU.Build.0 = Release|Any CPU
	EndGlobalSection
	GlobalSection(SolutionProperties) = preSolution
		HideSolutionNode = FALSE
	EndGlobalSection
	GlobalSection(ExtensibilityGlobals) = postSolution
		SolutionGuid = {BEB0DEDA-C827-40C0-A3F0-2E1C25B496BF}
	EndGlobalSection
EndGlobal
